Microsoft Visual Studio Solution File, Format Version 12.00
# Visual Studio 14
VisualStudioVersion = 14.0.25420.1
MinimumVisualStudioVersion = 10.0.40219.1
Project("{2150E333-8FDC-42A3-9474-1A3956D46DE8}") = ".paket", ".paket", "{63297B98-5CED-492C-A5B7-A5B4F73CF142}"
	ProjectSection(SolutionItems) = preProject
		paket.dependencies = paket.dependencies
		paket.lock = paket.lock
	EndProjectSection
EndProject
Project("{2150E333-8FDC-42A3-9474-1A3956D46DE8}") = "docs", "docs", "{A6A6AF7D-D6E3-442D-9B1E-58CC91879BE1}"
EndProject
Project("{F2A71F9B-5D33-465A-A702-920D77279786}") = "FsVerbalExpressions", "src\FsVerbalExpressions\FsVerbalExpressions.fsproj", "{D69467B7-C507-4A8D-8661-02FD05724664}"
EndProject
Project("{2150E333-8FDC-42A3-9474-1A3956D46DE8}") = "project", "project", "{BF60BC93-E09B-4E5F-9D85-95A519479D54}"
	ProjectSection(SolutionItems) = preProject
		.travis.yml = .travis.yml
		appveyor.yml = appveyor.yml
		build.fsx = build.fsx
		src\FsVerbalExpressions\paket.template = src\FsVerbalExpressions\paket.template
		README.md = README.md
		RELEASE_NOTES.md = RELEASE_NOTES.md
	EndProjectSection
EndProject
Project("{2150E333-8FDC-42A3-9474-1A3956D46DE8}") = "tools", "tools", "{83F16175-43B1-4C90-A1EE-8E351C33435D}"
	ProjectSection(SolutionItems) = preProject
		docs\tools\generate.fsx = docs\tools\generate.fsx
		docs\tools\templates\template.cshtml = docs\tools\templates\template.cshtml
	EndProjectSection
EndProject
Project("{2150E333-8FDC-42A3-9474-1A3956D46DE8}") = "content", "content", "{8E6D5255-776D-4B61-85F9-73C37AA1FB9A}"
	ProjectSection(SolutionItems) = preProject
		docs\content\capture.fsx = docs\content\capture.fsx
		docs\content\group.fsx = docs\content\group.fsx
		docs\content\index.fsx = docs\content\index.fsx
		docs\content\matching.fsx = docs\content\matching.fsx
		docs\content\replacesplit.fsx = docs\content\replacesplit.fsx
		docs\content\tutorial.fsx = docs\content\tutorial.fsx
	EndProjectSection
EndProject
Project("{2150E333-8FDC-42A3-9474-1A3956D46DE8}") = "tests", "tests", "{ED8079DD-2B06-4030-9F0F-DC548F98E1C4}"
EndProject
Project("{F2A71F9B-5D33-465A-A702-920D77279786}") = "FsVerbalExpressions.Tests", "tests\FsVerbalExpressions.Tests\FsVerbalExpressions.Tests.fsproj", "{42AE97AE-A7EB-4470-9FD5-778F87231274}"
EndProject
Project("{2150E333-8FDC-42A3-9474-1A3956D46DE8}") = "git", "git", "{092E543A-F655-42CA-84C2-1A8B1C4682B6}"
	ProjectSection(SolutionItems) = preProject
		.gitattributes = .gitattributes
		.gitignore = .gitignore
	EndProjectSection
EndProject
Project("{F2A71F9B-5D33-465A-A702-920D77279786}") = "Email.Tests", "tests\Email.Tests\Email.Tests.fsproj", "{7ABF821A-681C-44B7-A707-A3A13C5C504D}"
EndProject
Project("{F2A71F9B-5D33-465A-A702-920D77279786}") = "FsRegEx.Tests", "tests\FsRegEx.Tests\FsRegEx.Tests.fsproj", "{764BAD73-C130-4304-94FF-4A039C3B8CE5}"
EndProject
Global
	GlobalSection(SolutionConfigurationPlatforms) = preSolution
		Debug|Any CPU = Debug|Any CPU
		Release|Any CPU = Release|Any CPU
	EndGlobalSection
	GlobalSection(ProjectConfigurationPlatforms) = postSolution
		{D69467B7-C507-4A8D-8661-02FD05724664}.Debug|Any CPU.ActiveCfg = Debug|Any CPU
		{D69467B7-C507-4A8D-8661-02FD05724664}.Debug|Any CPU.Build.0 = Debug|Any CPU
		{D69467B7-C507-4A8D-8661-02FD05724664}.Release|Any CPU.ActiveCfg = Release|Any CPU
		{D69467B7-C507-4A8D-8661-02FD05724664}.Release|Any CPU.Build.0 = Release|Any CPU
		{42AE97AE-A7EB-4470-9FD5-778F87231274}.Debug|Any CPU.ActiveCfg = Debug|Any CPU
		{42AE97AE-A7EB-4470-9FD5-778F87231274}.Debug|Any CPU.Build.0 = Debug|Any CPU
		{42AE97AE-A7EB-4470-9FD5-778F87231274}.Release|Any CPU.ActiveCfg = Release|Any CPU
		{42AE97AE-A7EB-4470-9FD5-778F87231274}.Release|Any CPU.Build.0 = Release|Any CPU
		{7ABF821A-681C-44B7-A707-A3A13C5C504D}.Debug|Any CPU.ActiveCfg = Debug|Any CPU
		{7ABF821A-681C-44B7-A707-A3A13C5C504D}.Debug|Any CPU.Build.0 = Debug|Any CPU
		{7ABF821A-681C-44B7-A707-A3A13C5C504D}.Release|Any CPU.ActiveCfg = Release|Any CPU
		{7ABF821A-681C-44B7-A707-A3A13C5C504D}.Release|Any CPU.Build.0 = Release|Any CPU
		{764BAD73-C130-4304-94FF-4A039C3B8CE5}.Debug|Any CPU.ActiveCfg = Debug|Any CPU
		{764BAD73-C130-4304-94FF-4A039C3B8CE5}.Debug|Any CPU.Build.0 = Debug|Any CPU
		{764BAD73-C130-4304-94FF-4A039C3B8CE5}.Release|Any CPU.ActiveCfg = Release|Any CPU
		{764BAD73-C130-4304-94FF-4A039C3B8CE5}.Release|Any CPU.Build.0 = Release|Any CPU
	EndGlobalSection
	GlobalSection(SolutionProperties) = preSolution
		HideSolutionNode = FALSE
	EndGlobalSection
	GlobalSection(NestedProjects) = preSolution
		{83F16175-43B1-4C90-A1EE-8E351C33435D} = {A6A6AF7D-D6E3-442D-9B1E-58CC91879BE1}
		{8E6D5255-776D-4B61-85F9-73C37AA1FB9A} = {A6A6AF7D-D6E3-442D-9B1E-58CC91879BE1}
		{42AE97AE-A7EB-4470-9FD5-778F87231274} = {ED8079DD-2B06-4030-9F0F-DC548F98E1C4}
		{7ABF821A-681C-44B7-A707-A3A13C5C504D} = {ED8079DD-2B06-4030-9F0F-DC548F98E1C4}
		{764BAD73-C130-4304-94FF-4A039C3B8CE5} = {ED8079DD-2B06-4030-9F0F-DC548F98E1C4}
	EndGlobalSection
EndGlobal
